// !$*UTF8*$!
{
	archiveVersion = 1;
	classes = {
	};
	objectVersion = 55;
	objects = {

/* Begin PBXBuildFile section */
		5701B413284BE5E70048CC4B /* AppDelegate.swift in Sources */ = {isa = PBXBuildFile; fileRef = 5701B412284BE5E70048CC4B /* AppDelegate.swift */; };
		5701B415284BE5E70048CC4B /* ViewController.swift in Sources */ = {isa = PBXBuildFile; fileRef = 5701B414284BE5E70048CC4B /* ViewController.swift */; };
		5701B41A284BE5E80048CC4B /* Main.storyboard in Resources */ = {isa = PBXBuildFile; fileRef = 5701B418284BE5E80048CC4B /* Main.storyboard */; };
		5701B41C284BE5EA0048CC4B /* Assets.xcassets in Resources */ = {isa = PBXBuildFile; fileRef = 5701B41B284BE5EA0048CC4B /* Assets.xcassets */; };
		5701B41F284BE5EA0048CC4B /* LaunchScreen.storyboard in Resources */ = {isa = PBXBuildFile; fileRef = 5701B41D284BE5EA0048CC4B /* LaunchScreen.storyboard */; };
		5701B429284BE5EA0048CC4B /* testARTests.swift in Sources */ = {isa = PBXBuildFile; fileRef = 5701B428284BE5EA0048CC4B /* testARTests.swift */; };
		5701B433284BE5EB0048CC4B /* testARUITests.swift in Sources */ = {isa = PBXBuildFile; fileRef = 5701B432284BE5EB0048CC4B /* testARUITests.swift */; };
		5701B435284BE5EB0048CC4B /* testARUITestsLaunchTests.swift in Sources */ = {isa = PBXBuildFile; fileRef = 5701B434284BE5EB0048CC4B /* testARUITestsLaunchTests.swift */; };
		5701B442284BEB4F0048CC4B /* TinyToyTank.rcproject in Sources */ = {isa = PBXBuildFile; fileRef = 5701B441284BEB4F0048CC4B /* TinyToyTank.rcproject */; };
/* End PBXBuildFile section */

/* Begin PBXContainerItemProxy section */
		5701B425284BE5EA0048CC4B /* PBXContainerItemProxy */ = {
			isa = PBXContainerItemProxy;
			containerPortal = 5701B407284BE5E70048CC4B /* Project object */;
			proxyType = 1;
			remoteGlobalIDString = 5701B40E284BE5E70048CC4B;
			remoteInfo = testAR;
		};
		5701B42F284BE5EB0048CC4B /* PBXContainerItemProxy */ = {
			isa = PBXContainerItemProxy;
			containerPortal = 5701B407284BE5E70048CC4B /* Project object */;
			proxyType = 1;
			remoteGlobalIDString = 5701B40E284BE5E70048CC4B;
			remoteInfo = testAR;
		};
/* End PBXContainerItemProxy section */

/* Begin PBXFileReference section */
		5701B40F284BE5E70048CC4B /* testAR.app */ = {isa = PBXFileReference; explicitFileType = wrapper.application; includeInIndex = 0; path = testAR.app; sourceTree = BUILT_PRODUCTS_DIR; };
		5701B412284BE5E70048CC4B /* AppDelegate.swift */ = {isa = PBXFileReference; lastKnownFileType = sourcecode.swift; path = AppDelegate.swift; sourceTree = "<group>"; };
		5701B414284BE5E70048CC4B /* ViewController.swift */ = {isa = PBXFileReference; lastKnownFileType = sourcecode.swift; path = ViewController.swift; sourceTree = "<group>"; };
		5701B419284BE5E80048CC4B /* Base */ = {isa = PBXFileReference; lastKnownFileType = file.storyboard; name = Base; path = Base.lproj/Main.storyboard; sourceTree = "<group>"; };
		5701B41B284BE5EA0048CC4B /* Assets.xcassets */ = {isa = PBXFileReference; lastKnownFileType = folder.assetcatalog; path = Assets.xcassets; sourceTree = "<group>"; };
		5701B41E284BE5EA0048CC4B /* Base */ = {isa = PBXFileReference; lastKnownFileType = file.storyboard; name = Base; path = Base.lproj/LaunchScreen.storyboard; sourceTree = "<group>"; };
		5701B424284BE5EA0048CC4B /* testARTests.xctest */ = {isa = PBXFileReference; explicitFileType = wrapper.cfbundle; includeInIndex = 0; path = testARTests.xctest; sourceTree = BUILT_PRODUCTS_DIR; };
		5701B428284BE5EA0048CC4B /* testARTests.swift */ = {isa = PBXFileReference; lastKnownFileType = sourcecode.swift; path = testARTests.swift; sourceTree = "<group>"; };
		5701B42E284BE5EB0048CC4B /* testARUITests.xctest */ = {isa = PBXFileReference; explicitFileType = wrapper.cfbundle; includeInIndex = 0; path = testARUITests.xctest; sourceTree = BUILT_PRODUCTS_DIR; };
		5701B432284BE5EB0048CC4B /* testARUITests.swift */ = {isa = PBXFileReference; lastKnownFileType = sourcecode.swift; path = testARUITests.swift; sourceTree = "<group>"; };
		5701B434284BE5EB0048CC4B /* testARUITestsLaunchTests.swift */ = {isa = PBXFileReference; lastKnownFileType = sourcecode.swift; path = testARUITestsLaunchTests.swift; sourceTree = "<group>"; };
		5701B441284BEB4F0048CC4B /* TinyToyTank.rcproject */ = {isa = PBXFileReference; lastKnownFileType = file.rcproject; path = TinyToyTank.rcproject; sourceTree = "<group>"; };
		5701B443284CF4C20048CC4B /* CosmonautSuit_en.reality */ = {isa = PBXFileReference; lastKnownFileType = file; path = CosmonautSuit_en.reality; sourceTree = "<group>"; };
		5701B444284CF4C30048CC4B /* hab_en.reality */ = {isa = PBXFileReference; lastKnownFileType = file; path = hab_en.reality; sourceTree = "<group>"; };
		5701B445284CF4C30048CC4B /* LunarRover_English.reality */ = {isa = PBXFileReference; lastKnownFileType = file; path = LunarRover_English.reality; sourceTree = "<group>"; };
/* End PBXFileReference section */

/* Begin PBXFrameworksBuildPhase section */
		5701B40C284BE5E70048CC4B /* Frameworks */ = {
			isa = PBXFrameworksBuildPhase;
			buildActionMask = 2147483647;
			files = (
			);
			runOnlyForDeploymentPostprocessing = 0;
		};
		5701B421284BE5EA0048CC4B /* Frameworks */ = {
			isa = PBXFrameworksBuildPhase;
			buildActionMask = 2147483647;
			files = (
			);
			runOnlyForDeploymentPostprocessing = 0;
		};
		5701B42B284BE5EB0048CC4B /* Frameworks */ = {
			isa = PBXFrameworksBuildPhase;
			buildActionMask = 2147483647;
			files = (
			);
			runOnlyForDeploymentPostprocessing = 0;
		};
/* End PBXFrameworksBuildPhase section */

/* Begin PBXGroup section */
		5701B406284BE5E70048CC4B = {
			isa = PBXGroup;
			children = (
				5701B411284BE5E70048CC4B /* testAR */,
				5701B427284BE5EA0048CC4B /* testARTests */,
				5701B431284BE5EB0048CC4B /* testARUITests */,
				5701B410284BE5E70048CC4B /* Products */,
			);
			sourceTree = "<group>";
		};
		5701B410284BE5E70048CC4B /* Products */ = {
			isa = PBXGroup;
			children = (
				5701B40F284BE5E70048CC4B /* testAR.app */,
				5701B424284BE5EA0048CC4B /* testARTests.xctest */,
				5701B42E284BE5EB0048CC4B /* testARUITests.xctest */,
			);
			name = Products;
			sourceTree = "<group>";
		};
		5701B411284BE5E70048CC4B /* testAR */ = {
			isa = PBXGroup;
			children = (
				5701B443284CF4C20048CC4B /* CosmonautSuit_en.reality */,
				5701B444284CF4C30048CC4B /* hab_en.reality */,
				5701B445284CF4C30048CC4B /* LunarRover_English.reality */,
				5701B441284BEB4F0048CC4B /* TinyToyTank.rcproject */,
				5701B412284BE5E70048CC4B /* AppDelegate.swift */,
				5701B414284BE5E70048CC4B /* ViewController.swift */,
				5701B418284BE5E80048CC4B /* Main.storyboard */,
				5701B41B284BE5EA0048CC4B /* Assets.xcassets */,
				5701B41D284BE5EA0048CC4B /* LaunchScreen.storyboard */,
			);
			path = testAR;
			sourceTree = "<group>";
		};
		5701B427284BE5EA0048CC4B /* testARTests */ = {
			isa = PBXGroup;
			children = (
				5701B428284BE5EA0048CC4B /* testARTests.swift */,
			);
			path = testARTests;
			sourceTree = "<group>";
		};
		5701B431284BE5EB0048CC4B /* testARUITests */ = {
			isa = PBXGroup;
			children = (
				5701B432284BE5EB0048CC4B /* testARUITests.swift */,
				5701B434284BE5EB0048CC4B /* testARUITestsLaunchTests.swift */,
			);
			path = testARUITests;
			sourceTree = "<group>";
		};
/* End PBXGroup section */

/* Begin PBXNativeTarget section */
		5701B40E284BE5E70048CC4B /* testAR */ = {
			isa = PBXNativeTarget;
			buildConfigurationList = 5701B438284BE5EB0048CC4B /* Build configuration list for PBXNativeTarget "testAR" */;
			buildPhases = (
				5701B40B284BE5E70048CC4B /* Sources */,
				5701B40C284BE5E70048CC4B /* Frameworks */,
				5701B40D284BE5E70048CC4B /* Resources */,
			);
			buildRules = (
			);
			dependencies = (
			);
			name = testAR;
			productName = testAR;
			productReference = 5701B40F284BE5E70048CC4B /* testAR.app */;
			productType = "com.apple.product-type.application";
		};
		5701B423284BE5EA0048CC4B /* testARTests */ = {
			isa = PBXNativeTarget;
			buildConfigurationList = 5701B43B284BE5EB0048CC4B /* Build configuration list for PBXNativeTarget "testARTests" */;
			buildPhases = (
				5701B420284BE5EA0048CC4B /* Sources */,
				5701B421284BE5EA0048CC4B /* Frameworks */,
				5701B422284BE5EA0048CC4B /* Resources */,
			);
			buildRules = (
			);
			dependencies = (
				5701B426284BE5EA0048CC4B /* PBXTargetDependency */,
			);
			name = testARTests;
			productName = testARTests;
			productReference = 5701B424284BE5EA0048CC4B /* testARTests.xctest */;
			productType = "com.apple.product-type.bundle.unit-test";
		};
		5701B42D284BE5EB0048CC4B /* testARUITests */ = {
			isa = PBXNativeTarget;
			buildConfigurationList = 5701B43E284BE5EB0048CC4B /* Build configuration list for PBXNativeTarget "testARUITests" */;
			buildPhases = (
				5701B42A284BE5EB0048CC4B /* Sources */,
				5701B42B284BE5EB0048CC4B /* Frameworks */,
				5701B42C284BE5EB0048CC4B /* Resources */,
			);
			buildRules = (
			);
			dependencies = (
				5701B430284BE5EB0048CC4B /* PBXTargetDependency */,
			);
			name = testARUITests;
			productName = testARUITests;
			productReference = 5701B42E284BE5EB0048CC4B /* testARUITests.xctest */;
			productType = "com.apple.product-type.bundle.ui-testing";
		};
/* End PBXNativeTarget section */

/* Begin PBXProject section */
		5701B407284BE5E70048CC4B /* Project object */ = {
			isa = PBXProject;
			attributes = {
				BuildIndependentTargetsInParallel = 1;
				LastSwiftUpdateCheck = 1340;
				LastUpgradeCheck = 1340;
				TargetAttributes = {
					5701B40E284BE5E70048CC4B = {
						CreatedOnToolsVersion = 13.4;
					};
					5701B423284BE5EA0048CC4B = {
						CreatedOnToolsVersion = 13.4;
						TestTargetID = 5701B40E284BE5E70048CC4B;
					};
					5701B42D284BE5EB0048CC4B = {
						CreatedOnToolsVersion = 13.4;
						TestTargetID = 5701B40E284BE5E70048CC4B;
					};
				};
			};
			buildConfigurationList = 5701B40A284BE5E70048CC4B /* Build configuration list for PBXProject "testAR" */;
			compatibilityVersion = "Xcode 13.0";
			developmentRegion = en;
			hasScannedForEncodings = 0;
			knownRegions = (
				en,
				Base,
			);
			mainGroup = 5701B406284BE5E70048CC4B;
			productRefGroup = 5701B410284BE5E70048CC4B /* Products */;
			projectDirPath = "";
			projectRoot = "";
			targets = (
				5701B40E284BE5E70048CC4B /* testAR */,
				5701B423284BE5EA0048CC4B /* testARTests */,
				5701B42D284BE5EB0048CC4B /* testARUITests */,
			);
		};
/* End PBXProject section */

/* Begin PBXResourcesBuildPhase section */
		5701B40D284BE5E70048CC4B /* Resources */ = {
			isa = PBXResourcesBuildPhase;
			buildActionMask = 2147483647;
			files = (
				5701B41F284BE5EA0048CC4B /* LaunchScreen.storyboard in Resources */,
				5701B41C284BE5EA0048CC4B /* Assets.xcassets in Resources */,
				5701B41A284BE5E80048CC4B /* Main.storyboard in Resources */,
			);
			runOnlyForDeploymentPostprocessing = 0;
		};
		5701B422284BE5EA0048CC4B /* Resources */ = {
			isa = PBXResourcesBuildPhase;
			buildActionMask = 2147483647;
			files = (
			);
			runOnlyForDeploymentPostprocessing = 0;
		};
		5701B42C284BE5EB0048CC4B /* Resources */ = {
			isa = PBXResourcesBuildPhase;
			buildActionMask = 2147483647;
			files = (
			);
			runOnlyForDeploymentPostprocessing = 0;
		};
/* End PBXResourcesBuildPhase section */

/* Begin PBXSourcesBuildPhase section */
		5701B40B284BE5E70048CC4B /* Sources */ = {
			isa = PBXSourcesBuildPhase;
			buildActionMask = 2147483647;
			files = (
				5701B415284BE5E70048CC4B /* ViewController.swift in Sources */,
				5701B442284BEB4F0048CC4B /* TinyToyTank.rcproject in Sources */,
				5701B413284BE5E70048CC4B /* AppDelegate.swift in Sources */,
			);
			runOnlyForDeploymentPostprocessing = 0;
		};
		5701B420284BE5EA0048CC4B /* Sources */ = {
			isa = PBXSourcesBuildPhase;
			buildActionMask = 2147483647;
			files = (
				5701B429284BE5EA0048CC4B /* testARTests.swift in Sources */,
			);
			runOnlyForDeploymentPostprocessing = 0;
		};
		5701B42A284BE5EB0048CC4B /* Sources */ = {
			isa = PBXSourcesBuildPhase;
			buildActionMask = 2147483647;
			files = (
				5701B433284BE5EB0048CC4B /* testARUITests.swift in Sources */,
				5701B435284BE5EB0048CC4B /* testARUITestsLaunchTests.swift in Sources */,
			);
			runOnlyForDeploymentPostprocessing = 0;
		};
/* End PBXSourcesBuildPhase section */

/* Begin PBXTargetDependency section */
		5701B426284BE5EA0048CC4B /* PBXTargetDependency */ = {
			isa = PBXTargetDependency;
			target = 5701B40E284BE5E70048CC4B /* testAR */;
			targetProxy = 5701B425284BE5EA0048CC4B /* PBXContainerItemProxy */;
		};
		5701B430284BE5EB0048CC4B /* PBXTargetDependency */ = {
			isa = PBXTargetDependency;
			target = 5701B40E284BE5E70048CC4B /* testAR */;
			targetProxy = 5701B42F284BE5EB0048CC4B /* PBXContainerItemProxy */;
		};
/* End PBXTargetDependency section */

/* Begin PBXVariantGroup section */
		5701B418284BE5E80048CC4B /* Main.storyboard */ = {
			isa = PBXVariantGroup;
			children = (
				5701B419284BE5E80048CC4B /* Base */,
			);
			name = Main.storyboard;
			sourceTree = "<group>";
		};
		5701B41D284BE5EA0048CC4B /* LaunchScreen.storyboard */ = {
			isa = PBXVariantGroup;
			children = (
				5701B41E284BE5EA0048CC4B /* Base */,
			);
			name = LaunchScreen.storyboard;
			sourceTree = "<group>";
		};
/* End PBXVariantGroup section */

/* Begin XCBuildConfiguration section */
		5701B436284BE5EB0048CC4B /* Debug */ = {
			isa = XCBuildConfiguration;
			buildSettings = {
				ALWAYS_SEARCH_USER_PATHS = NO;
				CLANG_ANALYZER_NONNULL = YES;
				CLANG_ANALYZER_NUMBER_OBJECT_CONVERSION = YES_AGGRESSIVE;
				CLANG_CXX_LANGUAGE_STANDARD = "gnu++17";
				CLANG_ENABLE_MODULES = YES;
				CLANG_ENABLE_OBJC_ARC = YES;
				CLANG_ENABLE_OBJC_WEAK = YES;
				CLANG_WARN_BLOCK_CAPTURE_AUTORELEASING = YES;
				CLANG_WARN_BOOL_CONVERSION = YES;
				CLANG_WARN_COMMA = YES;
				CLANG_WARN_CONSTANT_CONVERSION = YES;
				CLANG_WARN_DEPRECATED_OBJC_IMPLEMENTATIONS = YES;
				CLANG_WARN_DIRECT_OBJC_ISA_USAGE = YES_ERROR;
				CLANG_WARN_DOCUMENTATION_COMMENTS = YES;
				CLANG_WARN_EMPTY_BODY = YES;
				CLANG_WARN_ENUM_CONVERSION = YES;
				CLANG_WARN_INFINITE_RECURSION = YES;
				CLANG_WARN_INT_CONVERSION = YES;
				CLANG_WARN_NON_LITERAL_NULL_CONVERSION = YES;
				CLANG_WARN_OBJC_IMPLICIT_RETAIN_SELF = YES;
				CLANG_WARN_OBJC_LITERAL_CONVERSION = YES;
				CLANG_WARN_OBJC_ROOT_CLASS = YES_ERROR;
				CLANG_WARN_QUOTED_INCLUDE_IN_FRAMEWORK_HEADER = YES;
				CLANG_WARN_RANGE_LOOP_ANALYSIS = YES;
				CLANG_WARN_STRICT_PROTOTYPES = YES;
				CLANG_WARN_SUSPICIOUS_MOVE = YES;
				CLANG_WARN_UNGUARDED_AVAILABILITY = YES_AGGRESSIVE;
				CLANG_WARN_UNREACHABLE_CODE = YES;
				CLANG_WARN__DUPLICATE_METHOD_MATCH = YES;
				COPY_PHASE_STRIP = NO;
				DEBUG_INFORMATION_FORMAT = dwarf;
				ENABLE_STRICT_OBJC_MSGSEND = YES;
				ENABLE_TESTABILITY = YES;
				GCC_C_LANGUAGE_STANDARD = gnu11;
				GCC_DYNAMIC_NO_PIC = NO;
				GCC_NO_COMMON_BLOCKS = YES;
				GCC_OPTIMIZATION_LEVEL = 0;
				GCC_PREPROCESSOR_DEFINITIONS = (
					"DEBUG=1",
					"$(inherited)",
				);
				GCC_WARN_64_TO_32_BIT_CONVERSION = YES;
				GCC_WARN_ABOUT_RETURN_TYPE = YES_ERROR;
				GCC_WARN_UNDECLARED_SELECTOR = YES;
				GCC_WARN_UNINITIALIZED_AUTOS = YES_AGGRESSIVE;
				GCC_WARN_UNUSED_FUNCTION = YES;
				GCC_WARN_UNUSED_VARIABLE = YES;
				IPHONEOS_DEPLOYMENT_TARGET = 15.5;
				MTL_ENABLE_DEBUG_INFO = INCLUDE_SOURCE;
				MTL_FAST_MATH = YES;
				ONLY_ACTIVE_ARCH = YES;
				SDKROOT = iphoneos;
				SWIFT_ACTIVE_COMPILATION_CONDITIONS = DEBUG;
				SWIFT_OPTIMIZATION_LEVEL = "-Onone";
			};
			name = Debug;
		};
		5701B437284BE5EB0048CC4B /* Release */ = {
			isa = XCBuildConfiguration;
			buildSettings = {
				ALWAYS_SEARCH_USER_PATHS = NO;
				CLANG_ANALYZER_NONNULL = YES;
				CLANG_ANALYZER_NUMBER_OBJECT_CONVERSION = YES_AGGRESSIVE;
				CLANG_CXX_LANGUAGE_STANDARD = "gnu++17";
				CLANG_ENABLE_MODULES = YES;
				CLANG_ENABLE_OBJC_ARC = YES;
				CLANG_ENABLE_OBJC_WEAK = YES;
				CLANG_WARN_BLOCK_CAPTURE_AUTORELEASING = YES;
				CLANG_WARN_BOOL_CONVERSION = YES;
				CLANG_WARN_COMMA = YES;
				CLANG_WARN_CONSTANT_CONVERSION = YES;
				CLANG_WARN_DEPRECATED_OBJC_IMPLEMENTATIONS = YES;
				CLANG_WARN_DIRECT_OBJC_ISA_USAGE = YES_ERROR;
				CLANG_WARN_DOCUMENTATION_COMMENTS = YES;
				CLANG_WARN_EMPTY_BODY = YES;
				CLANG_WARN_ENUM_CONVERSION = YES;
				CLANG_WARN_INFINITE_RECURSION = YES;
				CLANG_WARN_INT_CONVERSION = YES;
				CLANG_WARN_NON_LITERAL_NULL_CONVERSION = YES;
				CLANG_WARN_OBJC_IMPLICIT_RETAIN_SELF = YES;
				CLANG_WARN_OBJC_LITERAL_CONVERSION = YES;
				CLANG_WARN_OBJC_ROOT_CLASS = YES_ERROR;
				CLANG_WARN_QUOTED_INCLUDE_IN_FRAMEWORK_HEADER = YES;
				CLANG_WARN_RANGE_LOOP_ANALYSIS = YES;
				CLANG_WARN_STRICT_PROTOTYPES = YES;
				CLANG_WARN_SUSPICIOUS_MOVE = YES;
				CLANG_WARN_UNGUARDED_AVAILABILITY = YES_AGGRESSIVE;
				CLANG_WARN_UNREACHABLE_CODE = YES;
				CLANG_WARN__DUPLICATE_METHOD_MATCH = YES;
				COPY_PHASE_STRIP = NO;
				DEBUG_INFORMATION_FORMAT = "dwarf-with-dsym";
				ENABLE_NS_ASSERTIONS = NO;
				ENABLE_STRICT_OBJC_MSGSEND = YES;
				GCC_C_LANGUAGE_STANDARD = gnu11;
				GCC_NO_COMMON_BLOCKS = YES;
				GCC_WARN_64_TO_32_BIT_CONVERSION = YES;
				GCC_WARN_ABOUT_RETURN_TYPE = YES_ERROR;
				GCC_WARN_UNDECLARED_SELECTOR = YES;
				GCC_WARN_UNINITIALIZED_AUTOS = YES_AGGRESSIVE;
				GCC_WARN_UNUSED_FUNCTION = YES;
				GCC_WARN_UNUSED_VARIABLE = YES;
				IPHONEOS_DEPLOYMENT_TARGET = 15.5;
				MTL_ENABLE_DEBUG_INFO = NO;
				MTL_FAST_MATH = YES;
				SDKROOT = iphoneos;
				SWIFT_COMPILATION_MODE = wholemodule;
				SWIFT_OPTIMIZATION_LEVEL = "-O";
				VALIDATE_PRODUCT = YES;
			};
			name = Release;
		};
		5701B439284BE5EB0048CC4B /* Debug */ = {
			isa = XCBuildConfiguration;
			buildSettings = {
				ASSETCATALOG_COMPILER_APPICON_NAME = AppIcon;
				ASSETCATALOG_COMPILER_GLOBAL_ACCENT_COLOR_NAME = AccentColor;
				CODE_SIGN_STYLE = Automatic;
				CURRENT_PROJECT_VERSION = 1;
				DEVELOPMENT_TEAM = QX7NM37CF4;
				GENERATE_INFOPLIST_FILE = YES;
				INFOPLIST_KEY_NSCameraUsageDescription = "To render the tank";
				INFOPLIST_KEY_UIApplicationSupportsIndirectInputEvents = YES;
				INFOPLIST_KEY_UILaunchStoryboardName = LaunchScreen;
				INFOPLIST_KEY_UIMainStoryboardFile = Main;
				INFOPLIST_KEY_UIRequiredDeviceCapabilities = arkit;
				INFOPLIST_KEY_UIStatusBarHidden = YES;
				INFOPLIST_KEY_UISupportedInterfaceOrientations_iPad = "UIInterfaceOrientationPortrait UIInterfaceOrientationPortraitUpsideDown UIInterfaceOrientationLandscapeLeft UIInterfaceOrientationLandscapeRight";
				INFOPLIST_KEY_UISupportedInterfaceOrientations_iPhone = "UIInterfaceOrientationPortrait UIInterfaceOrientationLandscapeLeft UIInterfaceOrientationLandscapeRight";
				LD_RUNPATH_SEARCH_PATHS = (
					"$(inherited)",
					"@executable_path/Frameworks",
				);
				MARKETING_VERSION = 1.0;
				PRODUCT_BUNDLE_IDENTIFIER = mmc.testAR;
				PRODUCT_NAME = "$(TARGET_NAME)";
				SWIFT_EMIT_LOC_STRINGS = YES;
				SWIFT_VERSION = 5.0;
				TARGETED_DEVICE_FAMILY = "1,2";
			};
			name = Debug;
		};
		5701B43A284BE5EB0048CC4B /* Release */ = {
			isa = XCBuildConfiguration;
			buildSettings = {
				ASSETCATALOG_COMPILER_APPICON_NAME = AppIcon;
				ASSETCATALOG_COMPILER_GLOBAL_ACCENT_COLOR_NAME = AccentColor;
				CODE_SIGN_STYLE = Automatic;
				CURRENT_PROJECT_VERSION = 1;
				DEVELOPMENT_TEAM = QX7NM37CF4;
				GENERATE_INFOPLIST_FILE = YES;
				INFOPLIST_KEY_NSCameraUsageDescription = "To render the tank";
				INFOPLIST_KEY_UIApplicationSupportsIndirectInputEvents = YES;
				INFOPLIST_KEY_UILaunchStoryboardName = LaunchScreen;
				INFOPLIST_KEY_UIMainStoryboardFile = Main;
				INFOPLIST_KEY_UIRequiredDeviceCapabilities = arkit;
				INFOPLIST_KEY_UIStatusBarHidden = YES;
				INFOPLIST_KEY_UISupportedInterfaceOrientations_iPad = "UIInterfaceOrientationPortrait UIInterfaceOrientationPortraitUpsideDown UIInterfaceOrientationLandscapeLeft UIInterfaceOrientationLandscapeRight";
				INFOPLIST_KEY_UISupportedInterfaceOrientations_iPhone = "UIInterfaceOrientationPortrait UIInterfaceOrientationLandscapeLeft UIInterfaceOrientationLandscapeRight";
				LD_RUNPATH_SEARCH_PATHS = (
					"$(inherited)",
					"@executable_path/Frameworks",
				);
				MARKETING_VERSION = 1.0;
				PRODUCT_BUNDLE_IDENTIFIER = mmc.testAR;
				PRODUCT_NAME = "$(TARGET_NAME)";
				SWIFT_EMIT_LOC_STRINGS = YES;
				SWIFT_VERSION = 5.0;
				TARGETED_DEVICE_FAMILY = "1,2";
			};
			name = Release;
		};
		5701B43C284BE5EB0048CC4B /* Debug */ = {
			isa = XCBuildConfiguration;
			buildSettings = {
				ALWAYS_EMBED_SWIFT_STANDARD_LIBRARIES = YES;
				BUNDLE_LOADER = "$(TEST_HOST)";
				CODE_SIGN_STYLE = Automatic;
				CURRENT_PROJECT_VERSION = 1;
				DEVELOPMENT_TEAM = QX7NM37CF4;
				GENERATE_INFOPLIST_FILE = YES;
				IPHONEOS_DEPLOYMENT_TARGET = 15.5;
				MARKETING_VERSION = 1.0;
				PRODUCT_BUNDLE_IDENTIFIER = mmc.testARTests;
				PRODUCT_NAME = "$(TARGET_NAME)";
				SWIFT_EMIT_LOC_STRINGS = NO;
				SWIFT_VERSION = 5.0;
				TARGETED_DEVICE_FAMILY = "1,2";
				TEST_HOST = "$(BUILT_PRODUCTS_DIR)/testAR.app/testAR";
			};
			name = Debug;
		};
		5701B43D284BE5EB0048CC4B /* Release */ = {
			isa = XCBuildConfiguration;
			buildSettings = {
				ALWAYS_EMBED_SWIFT_STANDARD_LIBRARIES = YES;
				BUNDLE_LOADER = "$(TEST_HOST)";
				CODE_SIGN_STYLE = Automatic;
				CURRENT_PROJECT_VERSION = 1;
				DEVELOPMENT_TEAM = QX7NM37CF4;
				GENERATE_INFOPLIST_FILE = YES;
				IPHONEOS_DEPLOYMENT_TARGET = 15.5;
				MARKETING_VERSION = 1.0;
				PRODUCT_BUNDLE_IDENTIFIER = mmc.testARTests;
				PRODUCT_NAME = "$(TARGET_NAME)";
				SWIFT_EMIT_LOC_STRINGS = NO;
				SWIFT_VERSION = 5.0;
				TARGETED_DEVICE_FAMILY = "1,2";
				TEST_HOST = "$(BUILT_PRODUCTS_DIR)/testAR.app/testAR";
			};
			name = Release;
		};
		5701B43F284BE5EB0048CC4B /* Debug */ = {
			isa = XCBuildConfiguration;
			buildSettings = {
				ALWAYS_EMBED_SWIFT_STANDARD_LIBRARIES = YES;
				CODE_SIGN_STYLE = Automatic;
				CURRENT_PROJECT_VERSION = 1;
				DEVELOPMENT_TEAM = QX7NM37CF4;
				GENERATE_INFOPLIST_FILE = YES;
				MARKETING_VERSION = 1.0;
				PRODUCT_BUNDLE_IDENTIFIER = mmc.testARUITests;
				PRODUCT_NAME = "$(TARGET_NAME)";
				SWIFT_EMIT_LOC_STRINGS = NO;
				SWIFT_VERSION = 5.0;
				TARGETED_DEVICE_FAMILY = "1,2";
				TEST_TARGET_NAME = testAR;
			};
			name = Debug;
		};
		5701B440284BE5EB0048CC4B /* Release */ = {
			isa = XCBuildConfiguration;
			buildSettings = {
				ALWAYS_EMBED_SWIFT_STANDARD_LIBRARIES = YES;
				CODE_SIGN_STYLE = Automatic;
				CURRENT_PROJECT_VERSION = 1;
				DEVELOPMENT_TEAM = QX7NM37CF4;
				GENERATE_INFOPLIST_FILE = YES;
				MARKETING_VERSION = 1.0;
				PRODUCT_BUNDLE_IDENTIFIER = mmc.testARUITests;
				PRODUCT_NAME = "$(TARGET_NAME)";
				SWIFT_EMIT_LOC_STRINGS = NO;
				SWIFT_VERSION = 5.0;
				TARGETED_DEVICE_FAMILY = "1,2";
				TEST_TARGET_NAME = testAR;
			};
			name = Release;
		};
/* End XCBuildConfiguration section */

/* Begin XCConfigurationList section */
		5701B40A284BE5E70048CC4B /* Build configuration list for PBXProject "testAR" */ = {
			isa = XCConfigurationList;
			buildConfigurations = (
				5701B436284BE5EB0048CC4B /* Debug */,
				5701B437284BE5EB0048CC4B /* Release */,
			);
			defaultConfigurationIsVisible = 0;
			defaultConfigurationName = Release;
		};
		5701B438284BE5EB0048CC4B /* Build configuration list for PBXNativeTarget "testAR" */ = {
			isa = XCConfigurationList;
			buildConfigurations = (
				5701B439284BE5EB0048CC4B /* Debug */,
				5701B43A284BE5EB0048CC4B /* Release */,
			);
			defaultConfigurationIsVisible = 0;
			defaultConfigurationName = Release;
		};
		5701B43B284BE5EB0048CC4B /* Build configuration list for PBXNativeTarget "testARTests" */ = {
			isa = XCConfigurationList;
			buildConfigurations = (
				5701B43C284BE5EB0048CC4B /* Debug */,
				5701B43D284BE5EB0048CC4B /* Release */,
			);
			defaultConfigurationIsVisible = 0;
			defaultConfigurationName = Release;
		};
		5701B43E284BE5EB0048CC4B /* Build configuration list for PBXNativeTarget "testARUITests" */ = {
			isa = XCConfigurationList;
			buildConfigurations = (
				5701B43F284BE5EB0048CC4B /* Debug */,
				5701B440284BE5EB0048CC4B /* Release */,
			);
			defaultConfigurationIsVisible = 0;
			defaultConfigurationName = Release;
		};
/* End XCConfigurationList section */
	};
	rootObject = 5701B407284BE5E70048CC4B /* Project object */;
}
